
Microsoft Visual Studio Solution File, Format Version 12.00
# Visual Studio Version 16
VisualStudioVersion = 16.0.29503.13
MinimumVisualStudioVersion = 10.0.40219.1
Project("{2150E333-8FDC-42A3-9474-1A3956D46DE8}") = "Solution Items", "Solution Items", "{A08DA97E-FCD2-4ACD-AC62-413A05BBDB0E}"
	ProjectSection(SolutionItems) = preProject
		.gitignore = .gitignore
		appveyor.yml = appveyor.yml
		.github\workflows\dotnet-core.yml = .github\workflows\dotnet-core.yml
		LICENSE.txt = LICENSE.txt
		README.md = README.md
		src\NugetPackages.targets = src\NugetPackages.targets
		Directory.Build.props = Directory.Build.props
	EndProjectSection
EndProject
Project("{9A19103F-16F7-4668-BE54-9A1E7A4F7556}") = "Imazen.Common", "src\Imazen.Common\Imazen.Common.csproj", "{49BDDBEE-3385-4B1D-B7C1-76A893F25C00}"
EndProject
Project("{9A19103F-16F7-4668-BE54-9A1E7A4F7556}") = "Imazen.DiskCache", "src\Imazen.DiskCache\Imazen.DiskCache.csproj", "{EF8E2C18-430F-4EFB-940C-D6CCB6EBF5E8}"
EndProject
Project("{9A19103F-16F7-4668-BE54-9A1E7A4F7556}") = "Imageflow.Server", "src\Imageflow.Server\Imageflow.Server.csproj", "{6D0B91A9-A1BC-4E2B-8A74-0F27C176B3F3}"
EndProject
Project("{9A19103F-16F7-4668-BE54-9A1E7A4F7556}") = "Imageflow.Server.DiskCache", "src\Imageflow.Server.DiskCache\Imageflow.Server.DiskCache.csproj", "{47AE7207-8AF6-43C2-88C0-BC6362840566}"
EndProject
Project("{9A19103F-16F7-4668-BE54-9A1E7A4F7556}") = "Imageflow.Server.Example", "examples\Imageflow.Server.Example\Imageflow.Server.Example.csproj", "{5EDA87AF-34CE-46BF-A847-C06E546E7CB9}"
EndProject
Project("{9A19103F-16F7-4668-BE54-9A1E7A4F7556}") = "Imageflow.Server.Storage.S3", "src\Imageflow.Server.Storage.S3\Imageflow.Server.Storage.S3.csproj", "{AA748528-5F40-42A6-AA03-E1B87343BB38}"
EndProject
Project("{9A19103F-16F7-4668-BE54-9A1E7A4F7556}") = "Imageflow.Server.Storage.AzureBlob", "src\Imageflow.Server.Storage.AzureBlob\Imageflow.Server.Storage.AzureBlob.csproj", "{8C0DF651-80A0-40A0-A45F-011528370952}"
EndProject
Project("{9A19103F-16F7-4668-BE54-9A1E7A4F7556}") = "Imageflow.Server.Tests", "tests\Imageflow.Server.Tests\Imageflow.Server.Tests.csproj", "{CB9E7E32-5659-4051-B988-0804B2430E19}"
EndProject
Project("{9A19103F-16F7-4668-BE54-9A1E7A4F7556}") = "Imageflow.Server.ExampleMinimal", "examples\Imageflow.Server.ExampleMinimal\Imageflow.Server.ExampleMinimal.csproj", "{3A49829E-C85F-4BE2-8D6E-AFA129C5BB2C}"
EndProject
Project("{9A19103F-16F7-4668-BE54-9A1E7A4F7556}") = "Imageflow.Server.Storage.RemoteReader", "src\Imageflow.Server.Storage.RemoteReader\Imageflow.Server.Storage.RemoteReader.csproj", "{CA4FF20A-2B21-4FDA-85BD-E3B84610483C}"
EndProject
Project("{FAE04EC0-301F-11D3-BF4B-00C04F79EFBC}") = "Imageflow.Server.ExampleDocker", "examples\Imageflow.Server.ExampleDocker\Imageflow.Server.ExampleDocker.csproj", "{E3AF3896-73D4-4240-915D-871B0F9D07B5}"
EndProject
Project("{FAE04EC0-301F-11D3-BF4B-00C04F79EFBC}") = "Imageflow.Server.ExampleDockerDiskCache", "examples\Imageflow.Server.ExampleDockerDiskCache\Imageflow.Server.ExampleDockerDiskCache.csproj", "{2AD8CC34-5302-4E17-B6D0-F5E47FA49E22}"
EndProject
Project("{FAE04EC0-301F-11D3-BF4B-00C04F79EFBC}") = "Imazen.Common.Tests", "tests\Imazen.Common.Tests\Imazen.Common.Tests.csproj", "{8ADC01E1-1965-41EF-BA97-2E5DD2302293}"
EndProject
Project("{FAE04EC0-301F-11D3-BF4B-00C04F79EFBC}") = "Imazen.HybridCache", "src\Imazen.HybridCache\Imazen.HybridCache.csproj", "{02128BFA-C4AC-4CC8-8417-D84C4B699803}"
EndProject
Project("{FAE04EC0-301F-11D3-BF4B-00C04F79EFBC}") = "Imazen.HybridCache.Tests", "tests\Imazen.HybridCache.Tests\Imazen.HybridCache.Tests.csproj", "{4494AC86-6BC5-489E-BBDF-534670916D43}"
EndProject
Project("{FAE04EC0-301F-11D3-BF4B-00C04F79EFBC}") = "Imazen.HybridCache.Benchmark", "tests\Imazen.HybridCache.Benchmark\Imazen.HybridCache.Benchmark.csproj", "{2BBE3D79-D552-498D-B29A-091932EBE8ED}"
EndProject
Project("{FAE04EC0-301F-11D3-BF4B-00C04F79EFBC}") = "Imageflow.Server.HybridCache", "src\Imageflow.Server.HybridCache\Imageflow.Server.HybridCache.csproj", "{D1ACF35D-469B-4AC9-804D-8A3FD87ECD5C}"
EndProject
Global
	GlobalSection(SolutionConfigurationPlatforms) = preSolution
		Debug|Any CPU = Debug|Any CPU
		Release|Any CPU = Release|Any CPU
	EndGlobalSection
	GlobalSection(ProjectConfigurationPlatforms) = postSolution
		{49BDDBEE-3385-4B1D-B7C1-76A893F25C00}.Debug|Any CPU.ActiveCfg = Debug|Any CPU
		{49BDDBEE-3385-4B1D-B7C1-76A893F25C00}.Debug|Any CPU.Build.0 = Debug|Any CPU
		{49BDDBEE-3385-4B1D-B7C1-76A893F25C00}.Release|Any CPU.ActiveCfg = Release|Any CPU
		{49BDDBEE-3385-4B1D-B7C1-76A893F25C00}.Release|Any CPU.Build.0 = Release|Any CPU
		{EF8E2C18-430F-4EFB-940C-D6CCB6EBF5E8}.Debug|Any CPU.ActiveCfg = Debug|Any CPU
		{EF8E2C18-430F-4EFB-940C-D6CCB6EBF5E8}.Debug|Any CPU.Build.0 = Debug|Any CPU
		{EF8E2C18-430F-4EFB-940C-D6CCB6EBF5E8}.Release|Any CPU.ActiveCfg = Release|Any CPU
		{EF8E2C18-430F-4EFB-940C-D6CCB6EBF5E8}.Release|Any CPU.Build.0 = Release|Any CPU
		{6D0B91A9-A1BC-4E2B-8A74-0F27C176B3F3}.Debug|Any CPU.ActiveCfg = Debug|Any CPU
		{6D0B91A9-A1BC-4E2B-8A74-0F27C176B3F3}.Debug|Any CPU.Build.0 = Debug|Any CPU
		{6D0B91A9-A1BC-4E2B-8A74-0F27C176B3F3}.Release|Any CPU.ActiveCfg = Release|Any CPU
		{6D0B91A9-A1BC-4E2B-8A74-0F27C176B3F3}.Release|Any CPU.Build.0 = Release|Any CPU
		{47AE7207-8AF6-43C2-88C0-BC6362840566}.Debug|Any CPU.ActiveCfg = Debug|Any CPU
		{47AE7207-8AF6-43C2-88C0-BC6362840566}.Debug|Any CPU.Build.0 = Debug|Any CPU
		{47AE7207-8AF6-43C2-88C0-BC6362840566}.Release|Any CPU.ActiveCfg = Release|Any CPU
		{47AE7207-8AF6-43C2-88C0-BC6362840566}.Release|Any CPU.Build.0 = Release|Any CPU
		{5EDA87AF-34CE-46BF-A847-C06E546E7CB9}.Debug|Any CPU.ActiveCfg = Debug|Any CPU
		{5EDA87AF-34CE-46BF-A847-C06E546E7CB9}.Debug|Any CPU.Build.0 = Debug|Any CPU
		{5EDA87AF-34CE-46BF-A847-C06E546E7CB9}.Release|Any CPU.ActiveCfg = Release|Any CPU
		{5EDA87AF-34CE-46BF-A847-C06E546E7CB9}.Release|Any CPU.Build.0 = Release|Any CPU
		{AA748528-5F40-42A6-AA03-E1B87343BB38}.Debug|Any CPU.ActiveCfg = Debug|Any CPU
		{AA748528-5F40-42A6-AA03-E1B87343BB38}.Debug|Any CPU.Build.0 = Debug|Any CPU
		{AA748528-5F40-42A6-AA03-E1B87343BB38}.Release|Any CPU.ActiveCfg = Release|Any CPU
		{AA748528-5F40-42A6-AA03-E1B87343BB38}.Release|Any CPU.Build.0 = Release|Any CPU
		{8C0DF651-80A0-40A0-A45F-011528370952}.Debug|Any CPU.ActiveCfg = Debug|Any CPU
		{8C0DF651-80A0-40A0-A45F-011528370952}.Debug|Any CPU.Build.0 = Debug|Any CPU
		{8C0DF651-80A0-40A0-A45F-011528370952}.Release|Any CPU.ActiveCfg = Release|Any CPU
		{8C0DF651-80A0-40A0-A45F-011528370952}.Release|Any CPU.Build.0 = Release|Any CPU
		{CB9E7E32-5659-4051-B988-0804B2430E19}.Debug|Any CPU.ActiveCfg = Debug|Any CPU
		{CB9E7E32-5659-4051-B988-0804B2430E19}.Debug|Any CPU.Build.0 = Debug|Any CPU
		{CB9E7E32-5659-4051-B988-0804B2430E19}.Release|Any CPU.ActiveCfg = Release|Any CPU
		{CB9E7E32-5659-4051-B988-0804B2430E19}.Release|Any CPU.Build.0 = Release|Any CPU
		{3A49829E-C85F-4BE2-8D6E-AFA129C5BB2C}.Debug|Any CPU.ActiveCfg = Debug|Any CPU
		{3A49829E-C85F-4BE2-8D6E-AFA129C5BB2C}.Debug|Any CPU.Build.0 = Debug|Any CPU
		{3A49829E-C85F-4BE2-8D6E-AFA129C5BB2C}.Release|Any CPU.ActiveCfg = Release|Any CPU
		{3A49829E-C85F-4BE2-8D6E-AFA129C5BB2C}.Release|Any CPU.Build.0 = Release|Any CPU
		{CA4FF20A-2B21-4FDA-85BD-E3B84610483C}.Debug|Any CPU.ActiveCfg = Debug|Any CPU
		{CA4FF20A-2B21-4FDA-85BD-E3B84610483C}.Debug|Any CPU.Build.0 = Debug|Any CPU
		{CA4FF20A-2B21-4FDA-85BD-E3B84610483C}.Release|Any CPU.ActiveCfg = Release|Any CPU
		{CA4FF20A-2B21-4FDA-85BD-E3B84610483C}.Release|Any CPU.Build.0 = Release|Any CPU
		{E3AF3896-73D4-4240-915D-871B0F9D07B5}.Debug|Any CPU.ActiveCfg = Debug|Any CPU
		{E3AF3896-73D4-4240-915D-871B0F9D07B5}.Debug|Any CPU.Build.0 = Debug|Any CPU
		{E3AF3896-73D4-4240-915D-871B0F9D07B5}.Release|Any CPU.ActiveCfg = Release|Any CPU
		{E3AF3896-73D4-4240-915D-871B0F9D07B5}.Release|Any CPU.Build.0 = Release|Any CPU
		{2AD8CC34-5302-4E17-B6D0-F5E47FA49E22}.Debug|Any CPU.ActiveCfg = Debug|Any CPU
		{2AD8CC34-5302-4E17-B6D0-F5E47FA49E22}.Debug|Any CPU.Build.0 = Debug|Any CPU
		{2AD8CC34-5302-4E17-B6D0-F5E47FA49E22}.Release|Any CPU.ActiveCfg = Release|Any CPU
		{2AD8CC34-5302-4E17-B6D0-F5E47FA49E22}.Release|Any CPU.Build.0 = Release|Any CPU
		{8ADC01E1-1965-41EF-BA97-2E5DD2302293}.Debug|Any CPU.ActiveCfg = Debug|Any CPU
		{8ADC01E1-1965-41EF-BA97-2E5DD2302293}.Debug|Any CPU.Build.0 = Debug|Any CPU
		{8ADC01E1-1965-41EF-BA97-2E5DD2302293}.Release|Any CPU.ActiveCfg = Release|Any CPU
		{8ADC01E1-1965-41EF-BA97-2E5DD2302293}.Release|Any CPU.Build.0 = Release|Any CPU
		{02128BFA-C4AC-4CC8-8417-D84C4B699803}.Debug|Any CPU.ActiveCfg = Debug|Any CPU
		{02128BFA-C4AC-4CC8-8417-D84C4B699803}.Debug|Any CPU.Build.0 = Debug|Any CPU
		{02128BFA-C4AC-4CC8-8417-D84C4B699803}.Release|Any CPU.ActiveCfg = Release|Any CPU
		{02128BFA-C4AC-4CC8-8417-D84C4B699803}.Release|Any CPU.Build.0 = Release|Any CPU
		{4494AC86-6BC5-489E-BBDF-534670916D43}.Debug|Any CPU.ActiveCfg = Debug|Any CPU
		{4494AC86-6BC5-489E-BBDF-534670916D43}.Debug|Any CPU.Build.0 = Debug|Any CPU
		{4494AC86-6BC5-489E-BBDF-534670916D43}.Release|Any CPU.ActiveCfg = Release|Any CPU
		{4494AC86-6BC5-489E-BBDF-534670916D43}.Release|Any CPU.Build.0 = Release|Any CPU
		{2BBE3D79-D552-498D-B29A-091932EBE8ED}.Debug|Any CPU.ActiveCfg = Debug|Any CPU
		{2BBE3D79-D552-498D-B29A-091932EBE8ED}.Debug|Any CPU.Build.0 = Debug|Any CPU
		{2BBE3D79-D552-498D-B29A-091932EBE8ED}.Release|Any CPU.ActiveCfg = Release|Any CPU
		{2BBE3D79-D552-498D-B29A-091932EBE8ED}.Release|Any CPU.Build.0 = Release|Any CPU
		{D1ACF35D-469B-4AC9-804D-8A3FD87ECD5C}.Debug|Any CPU.ActiveCfg = Debug|Any CPU
		{D1ACF35D-469B-4AC9-804D-8A3FD87ECD5C}.Debug|Any CPU.Build.0 = Debug|Any CPU
		{D1ACF35D-469B-4AC9-804D-8A3FD87ECD5C}.Release|Any CPU.ActiveCfg = Release|Any CPU
		{D1ACF35D-469B-4AC9-804D-8A3FD87ECD5C}.Release|Any CPU.Build.0 = Release|Any CPU
	EndGlobalSection
	GlobalSection(SolutionProperties) = preSolution
		HideSolutionNode = FALSE
	EndGlobalSection
	GlobalSection(ExtensibilityGlobals) = postSolution
		SolutionGuid = {35F959F8-186D-472E-96AD-887A9FD78B85}
	EndGlobalSection
EndGlobal
