
Microsoft Visual Studio Solution File, Format Version 12.00
# Visual Studio Version 16
VisualStudioVersion = 16.0.29503.13
MinimumVisualStudioVersion = 10.0.40219.1
Project("{2150E333-8FDC-42A3-9474-1A3956D46DE8}") = "Solution Items", "Solution Items", "{A08DA97E-FCD2-4ACD-AC62-413A05BBDB0E}"
	ProjectSection(SolutionItems) = preProject
		.gitignore = .gitignore
		.travis.yml = .travis.yml
		appveyor.yml = appveyor.yml
		LICENSE.txt = LICENSE.txt
		README.md = README.md
	EndProjectSection
EndProject
Project("{9A19103F-16F7-4668-BE54-9A1E7A4F7556}") = "Imageflow.Net.Server", "src\Imageflow.Net.Server\Imageflow.Net.Server.csproj", "{5BBE8D2E-4532-4C83-971D-65C5C8251657}"
EndProject
Project("{9A19103F-16F7-4668-BE54-9A1E7A4F7556}") = "Imageflow.Net.Server.Helpers", "src\Imageflow.Net.ServerHelpers\Imageflow.Net.Server.Helpers.csproj", "{0F273A45-22E4-444D-A268-C07D32BA818B}"
EndProject
Project("{9A19103F-16F7-4668-BE54-9A1E7A4F7556}") = "Imageflow.Net.Server.Example", "examples\Imageflow.Net.Server.Example\Imageflow.Net.Server.Example.csproj", "{E6DFB996-019F-4238-ADEB-A963DCE1FA13}"
EndProject
Project("{9A19103F-16F7-4668-BE54-9A1E7A4F7556}") = "Imazen.PersistentCache", "src\Imazen.PersistentCache\Imazen.PersistentCache.csproj", "{C538E7B3-989D-4AAC-A493-13329833994A}"
EndProject
Project("{9A19103F-16F7-4668-BE54-9A1E7A4F7556}") = "Imazen.PersistentCache.Tests", "tests\Imazen.PersistentCache.Tests\Imazen.PersistentCache.Tests.csproj", "{ED355E5C-0C4A-4B04-9EAB-F1D787E373A9}"
EndProject
Project("{FAE04EC0-301F-11D3-BF4B-00C04F79EFBC}") = "Imazen.Common", "src\Imazen.Common\Imazen.Common.csproj", "{49BDDBEE-3385-4B1D-B7C1-76A893F25C00}"
EndProject
Project("{FAE04EC0-301F-11D3-BF4B-00C04F79EFBC}") = "Imazen.DiskCache", "src\Imazen.DiskCache\Imazen.DiskCache.csproj", "{EF8E2C18-430F-4EFB-940C-D6CCB6EBF5E8}"
EndProject
Project("{FAE04EC0-301F-11D3-BF4B-00C04F79EFBC}") = "Imageflow.Net.Server.DiskCache", "src\Imageflow.Net.Server.DiskCache\Imageflow.Net.Server.DiskCache.csproj", "{830818C1-8915-4449-8107-E3DBDE546C8C}"
EndProject
Global
	GlobalSection(SolutionConfigurationPlatforms) = preSolution
		Debug|Any CPU = Debug|Any CPU
		Release|Any CPU = Release|Any CPU
	EndGlobalSection
	GlobalSection(ProjectConfigurationPlatforms) = postSolution
		{5BBE8D2E-4532-4C83-971D-65C5C8251657}.Debug|Any CPU.ActiveCfg = Debug|Any CPU
		{5BBE8D2E-4532-4C83-971D-65C5C8251657}.Debug|Any CPU.Build.0 = Debug|Any CPU
		{5BBE8D2E-4532-4C83-971D-65C5C8251657}.Release|Any CPU.ActiveCfg = Release|Any CPU
		{5BBE8D2E-4532-4C83-971D-65C5C8251657}.Release|Any CPU.Build.0 = Release|Any CPU
		{0F273A45-22E4-444D-A268-C07D32BA818B}.Debug|Any CPU.ActiveCfg = Debug|Any CPU
		{0F273A45-22E4-444D-A268-C07D32BA818B}.Debug|Any CPU.Build.0 = Debug|Any CPU
		{0F273A45-22E4-444D-A268-C07D32BA818B}.Release|Any CPU.ActiveCfg = Release|Any CPU
		{0F273A45-22E4-444D-A268-C07D32BA818B}.Release|Any CPU.Build.0 = Release|Any CPU
		{E6DFB996-019F-4238-ADEB-A963DCE1FA13}.Debug|Any CPU.ActiveCfg = Debug|Any CPU
		{E6DFB996-019F-4238-ADEB-A963DCE1FA13}.Debug|Any CPU.Build.0 = Debug|Any CPU
		{E6DFB996-019F-4238-ADEB-A963DCE1FA13}.Release|Any CPU.ActiveCfg = Release|Any CPU
		{E6DFB996-019F-4238-ADEB-A963DCE1FA13}.Release|Any CPU.Build.0 = Release|Any CPU
		{C538E7B3-989D-4AAC-A493-13329833994A}.Debug|Any CPU.ActiveCfg = Debug|Any CPU
		{C538E7B3-989D-4AAC-A493-13329833994A}.Debug|Any CPU.Build.0 = Debug|Any CPU
		{C538E7B3-989D-4AAC-A493-13329833994A}.Release|Any CPU.ActiveCfg = Release|Any CPU
		{C538E7B3-989D-4AAC-A493-13329833994A}.Release|Any CPU.Build.0 = Release|Any CPU
		{ED355E5C-0C4A-4B04-9EAB-F1D787E373A9}.Debug|Any CPU.ActiveCfg = Debug|Any CPU
		{ED355E5C-0C4A-4B04-9EAB-F1D787E373A9}.Debug|Any CPU.Build.0 = Debug|Any CPU
		{ED355E5C-0C4A-4B04-9EAB-F1D787E373A9}.Release|Any CPU.ActiveCfg = Release|Any CPU
		{ED355E5C-0C4A-4B04-9EAB-F1D787E373A9}.Release|Any CPU.Build.0 = Release|Any CPU
		{49BDDBEE-3385-4B1D-B7C1-76A893F25C00}.Debug|Any CPU.ActiveCfg = Debug|Any CPU
		{49BDDBEE-3385-4B1D-B7C1-76A893F25C00}.Debug|Any CPU.Build.0 = Debug|Any CPU
		{49BDDBEE-3385-4B1D-B7C1-76A893F25C00}.Release|Any CPU.ActiveCfg = Release|Any CPU
		{49BDDBEE-3385-4B1D-B7C1-76A893F25C00}.Release|Any CPU.Build.0 = Release|Any CPU
		{EF8E2C18-430F-4EFB-940C-D6CCB6EBF5E8}.Debug|Any CPU.ActiveCfg = Debug|Any CPU
		{EF8E2C18-430F-4EFB-940C-D6CCB6EBF5E8}.Debug|Any CPU.Build.0 = Debug|Any CPU
		{EF8E2C18-430F-4EFB-940C-D6CCB6EBF5E8}.Release|Any CPU.ActiveCfg = Release|Any CPU
		{EF8E2C18-430F-4EFB-940C-D6CCB6EBF5E8}.Release|Any CPU.Build.0 = Release|Any CPU
		{830818C1-8915-4449-8107-E3DBDE546C8C}.Debug|Any CPU.ActiveCfg = Debug|Any CPU
		{830818C1-8915-4449-8107-E3DBDE546C8C}.Debug|Any CPU.Build.0 = Debug|Any CPU
		{830818C1-8915-4449-8107-E3DBDE546C8C}.Release|Any CPU.ActiveCfg = Release|Any CPU
		{830818C1-8915-4449-8107-E3DBDE546C8C}.Release|Any CPU.Build.0 = Release|Any CPU
	EndGlobalSection
	GlobalSection(SolutionProperties) = preSolution
		HideSolutionNode = FALSE
	EndGlobalSection
	GlobalSection(ExtensibilityGlobals) = postSolution
		SolutionGuid = {35F959F8-186D-472E-96AD-887A9FD78B85}
	EndGlobalSection
EndGlobal
