
Microsoft Visual Studio Solution File, Format Version 12.00
# Visual Studio Version 16
VisualStudioVersion = 16.0.29503.13
MinimumVisualStudioVersion = 10.0.40219.1
Project("{2150E333-8FDC-42A3-9474-1A3956D46DE8}") = "Solution Items", "Solution Items", "{A08DA97E-FCD2-4ACD-AC62-413A05BBDB0E}"
	ProjectSection(SolutionItems) = preProject
		.gitignore = .gitignore
		.travis.yml = .travis.yml
		appveyor.yml = appveyor.yml
		LICENSE.txt = LICENSE.txt
		README.md = README.md
	EndProjectSection
EndProject
Project("{9A19103F-16F7-4668-BE54-9A1E7A4F7556}") = "Imazen.PersistentCache", "src\Imazen.PersistentCache\Imazen.PersistentCache.csproj", "{C538E7B3-989D-4AAC-A493-13329833994A}"
EndProject
Project("{9A19103F-16F7-4668-BE54-9A1E7A4F7556}") = "Imazen.PersistentCache.Tests", "tests\Imazen.PersistentCache.Tests\Imazen.PersistentCache.Tests.csproj", "{ED355E5C-0C4A-4B04-9EAB-F1D787E373A9}"
EndProject
Project("{FAE04EC0-301F-11D3-BF4B-00C04F79EFBC}") = "Imazen.Common", "src\Imazen.Common\Imazen.Common.csproj", "{49BDDBEE-3385-4B1D-B7C1-76A893F25C00}"
EndProject
Project("{FAE04EC0-301F-11D3-BF4B-00C04F79EFBC}") = "Imazen.DiskCache", "src\Imazen.DiskCache\Imazen.DiskCache.csproj", "{EF8E2C18-430F-4EFB-940C-D6CCB6EBF5E8}"
EndProject
Project("{FAE04EC0-301F-11D3-BF4B-00C04F79EFBC}") = "Imageflow.Server", "src\Imageflow.Server\Imageflow.Server.csproj", "{6D0B91A9-A1BC-4E2B-8A74-0F27C176B3F3}"
EndProject
Project("{FAE04EC0-301F-11D3-BF4B-00C04F79EFBC}") = "Imageflow.Server.DiskCache", "src\Imageflow.Server.DiskCache\Imageflow.Server.DiskCache.csproj", "{47AE7207-8AF6-43C2-88C0-BC6362840566}"
EndProject
Project("{FAE04EC0-301F-11D3-BF4B-00C04F79EFBC}") = "Imageflow.Server.Helpers", "src\Imageflow.ServerHelpers\Imageflow.Server.Helpers.csproj", "{E6C1D691-72DC-46E8-8520-16A11ABCE593}"
EndProject
Project("{FAE04EC0-301F-11D3-BF4B-00C04F79EFBC}") = "Imageflow.Server.Example", "examples\Imageflow.Server.Example\Imageflow.Server.Example.csproj", "{5EDA87AF-34CE-46BF-A847-C06E546E7CB9}"
EndProject
Project("{FAE04EC0-301F-11D3-BF4B-00C04F79EFBC}") = "Imageflow.Server.Storage.S3", "src\Imageflow.Server.Storage.S3\Imageflow.Server.Storage.S3.csproj", "{AA748528-5F40-42A6-AA03-E1B87343BB38}"
EndProject
Project("{FAE04EC0-301F-11D3-BF4B-00C04F79EFBC}") = "Imageflow.Server.Storage.AzureBlob", "src\Imageflow.Server.Storage.AzureBlob\Imageflow.Server.Storage.AzureBlob.csproj", "{8C0DF651-80A0-40A0-A45F-011528370952}"
EndProject
Global
	GlobalSection(SolutionConfigurationPlatforms) = preSolution
		Debug|Any CPU = Debug|Any CPU
		Release|Any CPU = Release|Any CPU
	EndGlobalSection
	GlobalSection(ProjectConfigurationPlatforms) = postSolution
		{C538E7B3-989D-4AAC-A493-13329833994A}.Debug|Any CPU.ActiveCfg = Debug|Any CPU
		{C538E7B3-989D-4AAC-A493-13329833994A}.Debug|Any CPU.Build.0 = Debug|Any CPU
		{C538E7B3-989D-4AAC-A493-13329833994A}.Release|Any CPU.ActiveCfg = Release|Any CPU
		{C538E7B3-989D-4AAC-A493-13329833994A}.Release|Any CPU.Build.0 = Release|Any CPU
		{ED355E5C-0C4A-4B04-9EAB-F1D787E373A9}.Debug|Any CPU.ActiveCfg = Debug|Any CPU
		{ED355E5C-0C4A-4B04-9EAB-F1D787E373A9}.Debug|Any CPU.Build.0 = Debug|Any CPU
		{ED355E5C-0C4A-4B04-9EAB-F1D787E373A9}.Release|Any CPU.ActiveCfg = Release|Any CPU
		{ED355E5C-0C4A-4B04-9EAB-F1D787E373A9}.Release|Any CPU.Build.0 = Release|Any CPU
		{49BDDBEE-3385-4B1D-B7C1-76A893F25C00}.Debug|Any CPU.ActiveCfg = Debug|Any CPU
		{49BDDBEE-3385-4B1D-B7C1-76A893F25C00}.Debug|Any CPU.Build.0 = Debug|Any CPU
		{49BDDBEE-3385-4B1D-B7C1-76A893F25C00}.Release|Any CPU.ActiveCfg = Release|Any CPU
		{49BDDBEE-3385-4B1D-B7C1-76A893F25C00}.Release|Any CPU.Build.0 = Release|Any CPU
		{EF8E2C18-430F-4EFB-940C-D6CCB6EBF5E8}.Debug|Any CPU.ActiveCfg = Debug|Any CPU
		{EF8E2C18-430F-4EFB-940C-D6CCB6EBF5E8}.Debug|Any CPU.Build.0 = Debug|Any CPU
		{EF8E2C18-430F-4EFB-940C-D6CCB6EBF5E8}.Release|Any CPU.ActiveCfg = Release|Any CPU
		{EF8E2C18-430F-4EFB-940C-D6CCB6EBF5E8}.Release|Any CPU.Build.0 = Release|Any CPU
		{6D0B91A9-A1BC-4E2B-8A74-0F27C176B3F3}.Debug|Any CPU.ActiveCfg = Debug|Any CPU
		{6D0B91A9-A1BC-4E2B-8A74-0F27C176B3F3}.Debug|Any CPU.Build.0 = Debug|Any CPU
		{6D0B91A9-A1BC-4E2B-8A74-0F27C176B3F3}.Release|Any CPU.ActiveCfg = Release|Any CPU
		{6D0B91A9-A1BC-4E2B-8A74-0F27C176B3F3}.Release|Any CPU.Build.0 = Release|Any CPU
		{47AE7207-8AF6-43C2-88C0-BC6362840566}.Debug|Any CPU.ActiveCfg = Debug|Any CPU
		{47AE7207-8AF6-43C2-88C0-BC6362840566}.Debug|Any CPU.Build.0 = Debug|Any CPU
		{47AE7207-8AF6-43C2-88C0-BC6362840566}.Release|Any CPU.ActiveCfg = Release|Any CPU
		{47AE7207-8AF6-43C2-88C0-BC6362840566}.Release|Any CPU.Build.0 = Release|Any CPU
		{E6C1D691-72DC-46E8-8520-16A11ABCE593}.Debug|Any CPU.ActiveCfg = Debug|Any CPU
		{E6C1D691-72DC-46E8-8520-16A11ABCE593}.Debug|Any CPU.Build.0 = Debug|Any CPU
		{E6C1D691-72DC-46E8-8520-16A11ABCE593}.Release|Any CPU.ActiveCfg = Release|Any CPU
		{E6C1D691-72DC-46E8-8520-16A11ABCE593}.Release|Any CPU.Build.0 = Release|Any CPU
		{5EDA87AF-34CE-46BF-A847-C06E546E7CB9}.Debug|Any CPU.ActiveCfg = Debug|Any CPU
		{5EDA87AF-34CE-46BF-A847-C06E546E7CB9}.Debug|Any CPU.Build.0 = Debug|Any CPU
		{5EDA87AF-34CE-46BF-A847-C06E546E7CB9}.Release|Any CPU.ActiveCfg = Release|Any CPU
		{5EDA87AF-34CE-46BF-A847-C06E546E7CB9}.Release|Any CPU.Build.0 = Release|Any CPU
		{AA748528-5F40-42A6-AA03-E1B87343BB38}.Debug|Any CPU.ActiveCfg = Debug|Any CPU
		{AA748528-5F40-42A6-AA03-E1B87343BB38}.Debug|Any CPU.Build.0 = Debug|Any CPU
		{AA748528-5F40-42A6-AA03-E1B87343BB38}.Release|Any CPU.ActiveCfg = Release|Any CPU
		{AA748528-5F40-42A6-AA03-E1B87343BB38}.Release|Any CPU.Build.0 = Release|Any CPU
		{8C0DF651-80A0-40A0-A45F-011528370952}.Debug|Any CPU.ActiveCfg = Debug|Any CPU
		{8C0DF651-80A0-40A0-A45F-011528370952}.Debug|Any CPU.Build.0 = Debug|Any CPU
		{8C0DF651-80A0-40A0-A45F-011528370952}.Release|Any CPU.ActiveCfg = Release|Any CPU
		{8C0DF651-80A0-40A0-A45F-011528370952}.Release|Any CPU.Build.0 = Release|Any CPU
	EndGlobalSection
	GlobalSection(SolutionProperties) = preSolution
		HideSolutionNode = FALSE
	EndGlobalSection
	GlobalSection(ExtensibilityGlobals) = postSolution
		SolutionGuid = {35F959F8-186D-472E-96AD-887A9FD78B85}
	EndGlobalSection
EndGlobal
