{
  "version": 1,
  "dependencies": {
    "net6.0": {
      "MELT": {
        "type": "Direct",
        "requested": "[0.8.0, )",
        "resolved": "0.8.0",
        "contentHash": "G6I+Sth0iOMHl8VAhf3F7uuk+mONrbQC3xsuC63MSf8xJHGhaLAPSpYDWmV34ifBjwLh10KrYtBVCe/Lu71oTw==",
        "dependencies": {
          "Microsoft.Extensions.DependencyInjection": "2.1.0",
          "Microsoft.Extensions.Logging": "2.1.0"
        }
      },
      "Microsoft.IO.RecyclableMemoryStream": {
        "type": "Direct",
        "requested": "[2.2.1, )",
        "resolved": "2.2.1",
        "contentHash": "T5ahjOqWFMTSb9wFHKFNAcGXm35BxbUbwARtAPLSSPPFehcLz5mwDsKO1RR9R2aZ2Lk1BNQC7Ja63onOBE6rpA=="
      },
      "Microsoft.Extensions.Configuration": {
        "type": "Transitive",
        "resolved": "2.1.0",
        "contentHash": "SS8ce1GYQTkZoOq5bskqQ+m7xiXQjnKRiGfVNZkkX2SX0HpXNRsKnSUaywRRuCje3v2KT9xeacsM3J9/G2exsQ==",
        "dependencies": {
          "Microsoft.Extensions.Configuration.Abstractions": "2.1.0"
        }
      },
      "Microsoft.Extensions.Configuration.Abstractions": {
        "type": "Transitive",
        "resolved": "2.2.0",
        "contentHash": "65MrmXCziWaQFrI0UHkQbesrX5wTwf9XPjY5yFm/VkgJKFJ5gqvXRoXjIZcf2wLi5ZlwGz/oMYfyURVCWbM5iw==",
        "dependencies": {
          "Microsoft.Extensions.Primitives": "2.2.0"
        }
      },
      "Microsoft.Extensions.Configuration.Binder": {
        "type": "Transitive",
        "resolved": "2.1.0",
        "contentHash": "Fls0O54Ielz1DiVYpcmiUpeizN1iKGGI5yAWAoShfmUvMcQ8jAGOK1a+DaflHA5hN9IOKvmSos0yewDYAIY0ZA==",
        "dependencies": {
          "Microsoft.Extensions.Configuration": "2.1.0"
        }
      },
      "Microsoft.Extensions.DependencyInjection": {
        "type": "Transitive",
        "resolved": "2.1.0",
        "contentHash": "gqQviLfuA31PheEGi+XJoZc1bc9H9RsPa9Gq9XuDct7XGWSR9eVXjK5Sg7CSUPhTFHSuxUFY12wcTYLZ4zM1hg==",
        "dependencies": {
          "Microsoft.Extensions.DependencyInjection.Abstractions": "2.1.0"
        }
      },
      "Microsoft.Extensions.DependencyInjection.Abstractions": {
        "type": "Transitive",
        "resolved": "2.2.0",
        "contentHash": "f9hstgjVmr6rmrfGSpfsVOl2irKAgr1QjrSi3FgnS7kulxband50f2brRLwySAQTADPZeTdow0mpSMcoAdadCw=="
      },
      "Microsoft.Extensions.FileProviders.Abstractions": {
        "type": "Transitive",
        "resolved": "2.2.0",
        "contentHash": "EcnaSsPTqx2MGnHrmWOD0ugbuuqVT8iICqSqPzi45V5/MA1LjUNb0kwgcxBGqizV1R+WeBK7/Gw25Jzkyk9bIw==",
        "dependencies": {
          "Microsoft.Extensions.Primitives": "2.2.0"
        }
      },
      "Microsoft.Extensions.Hosting.Abstractions": {
        "type": "Transitive",
        "resolved": "2.2.0",
        "contentHash": "+k4AEn68HOJat5gj1TWa6X28WlirNQO9sPIIeQbia+91n03esEtMSSoekSTpMjUzjqtJWQN3McVx0GvSPFHF/Q==",
        "dependencies": {
          "Microsoft.Extensions.Configuration.Abstractions": "2.2.0",
          "Microsoft.Extensions.DependencyInjection.Abstractions": "2.2.0",
          "Microsoft.Extensions.FileProviders.Abstractions": "2.2.0",
          "Microsoft.Extensions.Logging.Abstractions": "2.2.0"
        }
      },
      "Microsoft.Extensions.Logging": {
        "type": "Transitive",
        "resolved": "2.1.0",
        "contentHash": "kuZbZMMHb7ibzhLdn9/R1+PAAFKntlF10tOw4loB8VuQkHvSrBE6IzW1rhBLsEdmLXOgi2zFbwcXFrxzSM6ybA==",
        "dependencies": {
          "Microsoft.Extensions.Configuration.Binder": "2.1.0",
          "Microsoft.Extensions.DependencyInjection.Abstractions": "2.1.0",
          "Microsoft.Extensions.Logging.Abstractions": "2.1.0",
          "Microsoft.Extensions.Options": "2.1.0"
        }
      },
      "Microsoft.Extensions.Logging.Abstractions": {
        "type": "Transitive",
        "resolved": "2.2.0",
        "contentHash": "B2WqEox8o+4KUOpL7rZPyh6qYjik8tHi2tN8Z9jZkHzED8ElYgZa/h6K+xliB435SqUcWT290Fr2aa8BtZjn8A=="
      },
      "Microsoft.Extensions.Options": {
        "type": "Transitive",
        "resolved": "2.1.0",
        "contentHash": "VOM1pPMi9+7/4Vc9aPLU8btHOBQy1+AvpqxLxFI2OVtqGv+1klPaV59g9R6aSt2U7ijfB3TjvAO4Tc/cn9/hxA==",
        "dependencies": {
          "Microsoft.Extensions.DependencyInjection.Abstractions": "2.1.0",
          "Microsoft.Extensions.Primitives": "2.1.0"
        }
      },
      "Microsoft.Extensions.Primitives": {
        "type": "Transitive",
        "resolved": "2.2.0",
        "contentHash": "azyQtqbm4fSaDzZHD/J+V6oWMFaf2tWP4WEGIYePLCMw3+b2RQdj9ybgbQyjCshcitQKQ4lEDOZjmSlTTrHxUg==",
        "dependencies": {
          "System.Memory": "4.5.1",
          "System.Runtime.CompilerServices.Unsafe": "4.5.1"
        }
      },
      "System.Memory": {
        "type": "Transitive",
        "resolved": "4.5.1",
        "contentHash": "sDJYJpGtTgx+23Ayu5euxG5mAXWdkDb4+b0rD0Cab0M1oQS9H0HXGPriKcqpXuiJDTV7fTp/d+fMDJmnr6sNvA=="
      },
      "System.Runtime.CompilerServices.Unsafe": {
        "type": "Transitive",
        "resolved": "4.5.1",
        "contentHash": "Zh8t8oqolRaFa9vmOZfdQm/qKejdqz0J9kr7o2Fu0vPeoH3BL1EOXipKWwkWtLT1JPzjByrF19fGuFlNbmPpiw=="
      },
      "imazen.common": {
        "type": "Project",
        "dependencies": {
          "Microsoft.Extensions.Hosting.Abstractions": "[2.2.0, )"
        }
      },
      "imazen.hybridcache": {
        "type": "Project",
        "dependencies": {
          "Imazen.Common": "[0.1.0--notset, )"
        }
      }
    }
  }
}