{
  "version": 1,
  "dependencies": {
    ".NETStandard,Version=v2.0": {
      "CommunityToolkit.HighPerformance": {
        "type": "Direct",
        "requested": "[8.*, )",
        "resolved": "8.2.2",
        "contentHash": "+zIp8d3sbtYaRbM6hqDs4Ui/z34j7DcUmleruZlYLE4CVxXq+MO8XJyIs42vzeTYFX+k0Iq1dEbBUnQ4z/Gnrw==",
        "dependencies": {
          "Microsoft.Bcl.HashCode": "1.1.1",
          "System.Memory": "4.5.5",
          "System.Runtime.CompilerServices.Unsafe": "6.0.0",
          "System.Threading.Tasks.Extensions": "4.5.4"
        }
      },
      "Imageflow.Net": {
        "type": "Direct",
        "requested": "[0.12.0, )",
        "resolved": "0.12.0",
        "contentHash": "ZQNfvIIP+0TEeHCThL0DH+YtQfcA+Cpwn3otrIi+Pf55dICKHoT0Ipl2bs+4B3HClyU/Cr/IMsCk0Mpob9gaFw==",
        "dependencies": {
          "Microsoft.IO.RecyclableMemoryStream": "[2.3.2, 4.0.0)",
          "System.Text.Json": "6.0.9"
        }
      },
      "Microsoft.SourceLink.GitHub": {
        "type": "Direct",
        "requested": "[8.0.0, )",
        "resolved": "8.0.0",
        "contentHash": "G5q7OqtwIyGTkeIOAc3u2ZuV/kicQaec5EaRnc0pIeSnh9LUjj+PYQrJYBURvDt7twGl2PKA7nSN0kz1Zw5bnQ==",
        "dependencies": {
          "Microsoft.Build.Tasks.Git": "8.0.0",
          "Microsoft.SourceLink.Common": "8.0.0"
        }
      },
      "NETStandard.Library": {
        "type": "Direct",
        "requested": "[2.0.3, )",
        "resolved": "2.0.3",
        "contentHash": "st47PosZSHrjECdjeIzZQbzivYBJFv6P2nv4cj2ypdI204DO+vZ7l5raGMiX4eXMJ53RfOIg+/s4DHVZ54Nu2A==",
        "dependencies": {
          "Microsoft.NETCore.Platforms": "1.1.0"
        }
      },
      "PolySharp": {
        "type": "Direct",
        "requested": "[1.*, )",
        "resolved": "1.14.1",
        "contentHash": "mOOmFYwad3MIOL14VCjj02LljyF1GNw1wP0YVlxtcPvqdxjGGMNdNJJxHptlry3MOd8b40Flm8RPOM8JOlN2sQ=="
      },
      "Supernova.Enum.Generators": {
        "type": "Direct",
        "requested": "[1.0.14, )",
        "resolved": "1.0.14",
        "contentHash": "++5zyUFNF5WUm50ZmokgSmnBIkGNnWnT8byrd7cbab1nczrZOawePke9VSOeO/sU43Q4GHq1NJGGOhhK6Kot+g=="
      },
      "System.Collections.Immutable": {
        "type": "Direct",
        "requested": "[6.*, )",
        "resolved": "6.0.0",
        "contentHash": "l4zZJ1WU2hqpQQHXz1rvC3etVZN+2DLmQMO79FhOTZHMn8tDRr+WU287sbomD0BETlmKDn0ygUgVy9k5xkkJdA==",
        "dependencies": {
          "System.Memory": "4.5.4",
          "System.Runtime.CompilerServices.Unsafe": "6.0.0"
        }
      },
      "System.IO.Pipelines": {
        "type": "Direct",
        "requested": "[6.*, )",
        "resolved": "6.0.3",
        "contentHash": "ryTgF+iFkpGZY1vRQhfCzX0xTdlV3pyaTTqRu2ETbEv+HlV7O6y7hyQURnghNIXvctl5DuZ//Dpks6HdL/Txgw==",
        "dependencies": {
          "System.Buffers": "4.5.1",
          "System.Memory": "4.5.4",
          "System.Threading.Tasks.Extensions": "4.5.4"
        }
      },
      "System.Threading.Tasks.Extensions": {
        "type": "Direct",
        "requested": "[4.*, )",
        "resolved": "4.5.4",
        "contentHash": "zteT+G8xuGu6mS+mzDzYXbzS7rd3K6Fjb9RiZlYlJPam2/hU7JCBZBVEcywNuR+oZ1ncTvc/cq0faRr3P01OVg==",
        "dependencies": {
          "System.Runtime.CompilerServices.Unsafe": "4.5.3"
        }
      },
      "Microsoft.Bcl.AsyncInterfaces": {
        "type": "Transitive",
        "resolved": "6.0.0",
        "contentHash": "UcSjPsst+DfAdJGVDsu346FX0ci0ah+lw3WRtn18NUwEqRt70HaOQ7lI72vy3+1LxtqI3T5GWwV39rQSrCzAeg==",
        "dependencies": {
          "System.Threading.Tasks.Extensions": "4.5.4"
        }
      },
      "Microsoft.Bcl.HashCode": {
        "type": "Transitive",
        "resolved": "1.1.1",
        "contentHash": "MalY0Y/uM/LjXtHfX/26l2VtN4LDNZ2OE3aumNOHDLsT4fNYy2hiHXI4CXCqKpNUNm7iJ2brrc4J89UdaL56FA=="
      },
      "Microsoft.Build.Tasks.Git": {
        "type": "Transitive",
        "resolved": "8.0.0",
        "contentHash": "bZKfSIKJRXLTuSzLudMFte/8CempWjVamNUR5eHJizsy+iuOuO/k2gnh7W0dHJmYY0tBf+gUErfluCv5mySAOQ=="
      },
      "Microsoft.Extensions.Configuration.Abstractions": {
        "type": "Transitive",
        "resolved": "2.2.0",
        "contentHash": "65MrmXCziWaQFrI0UHkQbesrX5wTwf9XPjY5yFm/VkgJKFJ5gqvXRoXjIZcf2wLi5ZlwGz/oMYfyURVCWbM5iw==",
        "dependencies": {
          "Microsoft.Extensions.Primitives": "2.2.0"
        }
      },
      "Microsoft.Extensions.DependencyInjection.Abstractions": {
        "type": "Transitive",
        "resolved": "2.2.0",
        "contentHash": "f9hstgjVmr6rmrfGSpfsVOl2irKAgr1QjrSi3FgnS7kulxband50f2brRLwySAQTADPZeTdow0mpSMcoAdadCw=="
      },
      "Microsoft.Extensions.FileProviders.Abstractions": {
        "type": "Transitive",
        "resolved": "2.2.0",
        "contentHash": "EcnaSsPTqx2MGnHrmWOD0ugbuuqVT8iICqSqPzi45V5/MA1LjUNb0kwgcxBGqizV1R+WeBK7/Gw25Jzkyk9bIw==",
        "dependencies": {
          "Microsoft.Extensions.Primitives": "2.2.0"
        }
      },
      "Microsoft.Extensions.Hosting.Abstractions": {
        "type": "Transitive",
        "resolved": "2.2.0",
        "contentHash": "+k4AEn68HOJat5gj1TWa6X28WlirNQO9sPIIeQbia+91n03esEtMSSoekSTpMjUzjqtJWQN3McVx0GvSPFHF/Q==",
        "dependencies": {
          "Microsoft.Extensions.Configuration.Abstractions": "2.2.0",
          "Microsoft.Extensions.DependencyInjection.Abstractions": "2.2.0",
          "Microsoft.Extensions.FileProviders.Abstractions": "2.2.0",
          "Microsoft.Extensions.Logging.Abstractions": "2.2.0"
        }
      },
      "Microsoft.Extensions.Logging.Abstractions": {
        "type": "Transitive",
        "resolved": "2.2.0",
        "contentHash": "B2WqEox8o+4KUOpL7rZPyh6qYjik8tHi2tN8Z9jZkHzED8ElYgZa/h6K+xliB435SqUcWT290Fr2aa8BtZjn8A=="
      },
      "Microsoft.Extensions.Primitives": {
        "type": "Transitive",
        "resolved": "2.2.0",
        "contentHash": "azyQtqbm4fSaDzZHD/J+V6oWMFaf2tWP4WEGIYePLCMw3+b2RQdj9ybgbQyjCshcitQKQ4lEDOZjmSlTTrHxUg==",
        "dependencies": {
          "System.Memory": "4.5.1",
          "System.Runtime.CompilerServices.Unsafe": "4.5.1"
        }
      },
      "Microsoft.IO.RecyclableMemoryStream": {
        "type": "Transitive",
        "resolved": "2.3.2",
        "contentHash": "Oh1qXXFdJFcHozvb4H6XYLf2W0meZFuG0A+TfapFPj9z5fd4vxiARGEhAaLj/6XWQaMYIv4SH/9Q6H78Hw0E2Q==",
        "dependencies": {
          "System.Memory": "4.5.5"
        }
      },
      "Microsoft.NETCore.Platforms": {
        "type": "Transitive",
        "resolved": "1.1.0",
        "contentHash": "kz0PEW2lhqygehI/d6XsPCQzD7ff7gUJaVGPVETX611eadGsA3A877GdSlU0LRVMCTH/+P3o2iDTak+S08V2+A=="
      },
      "Microsoft.SourceLink.Common": {
        "type": "Transitive",
        "resolved": "8.0.0",
        "contentHash": "dk9JPxTCIevS75HyEQ0E4OVAFhB2N+V9ShCXf8Q6FkUQZDkgLI12y679Nym1YqsiSysuQskT7Z+6nUf3yab6Vw=="
      },
      "System.Buffers": {
        "type": "Transitive",
        "resolved": "4.5.1",
        "contentHash": "Rw7ijyl1qqRS0YQD/WycNst8hUUMgrMH4FCn1nNm27M4VxchZ1js3fVjQaANHO5f3sN4isvP4a+Met9Y4YomAg=="
      },
      "System.Memory": {
        "type": "Transitive",
        "resolved": "4.5.5",
        "contentHash": "XIWiDvKPXaTveaB7HVganDlOCRoj03l+jrwNvcge/t8vhGYKvqV+dMv6G4SAX2NoNmN0wZfVPTAlFwZcZvVOUw==",
        "dependencies": {
          "System.Buffers": "4.5.1",
          "System.Numerics.Vectors": "4.4.0",
          "System.Runtime.CompilerServices.Unsafe": "4.5.3"
        }
      },
      "System.Numerics.Vectors": {
        "type": "Transitive",
        "resolved": "4.5.0",
        "contentHash": "QQTlPTl06J/iiDbJCiepZ4H//BVraReU4O4EoRw1U02H5TLUIT7xn3GnDp9AXPSlJUDyFs4uWjWafNX6WrAojQ=="
      },
      "System.Runtime.CompilerServices.Unsafe": {
        "type": "Transitive",
        "resolved": "6.0.0",
        "contentHash": "/iUeP3tq1S0XdNNoMz5C9twLSrM/TH+qElHkXWaPvuNOt+99G75NrV0OS2EqHx5wMN7popYjpc8oTjC1y16DLg=="
      },
      "System.Text.Encodings.Web": {
        "type": "Transitive",
        "resolved": "6.0.0",
        "contentHash": "Vg8eB5Tawm1IFqj4TVK1czJX89rhFxJo9ELqc/Eiq0eXy13RK00eubyU6TJE6y+GQXjyV5gSfiewDUZjQgSE0w==",
        "dependencies": {
          "System.Buffers": "4.5.1",
          "System.Memory": "4.5.4",
          "System.Runtime.CompilerServices.Unsafe": "6.0.0"
        }
      },
      "System.Text.Json": {
        "type": "Transitive",
        "resolved": "6.0.9",
        "contentHash": "2j16oUgtIzl7Xtk7demG0i/v5aU/ZvULcAnJvPb63U3ZhXJ494UYcxuEj5Fs49i3XDrk5kU/8I+6l9zRCw3cJw==",
        "dependencies": {
          "Microsoft.Bcl.AsyncInterfaces": "6.0.0",
          "System.Buffers": "4.5.1",
          "System.Memory": "4.5.4",
          "System.Numerics.Vectors": "4.5.0",
          "System.Runtime.CompilerServices.Unsafe": "6.0.0",
          "System.Text.Encodings.Web": "6.0.0",
          "System.Threading.Tasks.Extensions": "4.5.4"
        }
      },
      "imazen.abstractions": {
        "type": "Project",
        "dependencies": {
          "Microsoft.Bcl.AsyncInterfaces": "[6.*, )",
          "Microsoft.Extensions.Hosting.Abstractions": "[2.*, )",
          "System.Buffers": "[4.*, )",
          "System.Memory": "[4.*, )",
          "System.Text.Encodings.Web": "[6.*, )",
          "System.Threading.Tasks.Extensions": "[4.*, )"
        }
      },
      "imazen.common": {
        "type": "Project",
        "dependencies": {
          "Imazen.Abstractions": "[0.1.0--notset, )",
          "Microsoft.Extensions.Hosting.Abstractions": "[2.2.0, )"
        }
      }
    },
    "net6.0": {
      "CommunityToolkit.HighPerformance": {
        "type": "Direct",
        "requested": "[8.*, )",
        "resolved": "8.2.2",
        "contentHash": "+zIp8d3sbtYaRbM6hqDs4Ui/z34j7DcUmleruZlYLE4CVxXq+MO8XJyIs42vzeTYFX+k0Iq1dEbBUnQ4z/Gnrw=="
      },
      "Imageflow.Net": {
        "type": "Direct",
        "requested": "[0.12.0, )",
        "resolved": "0.12.0",
        "contentHash": "ZQNfvIIP+0TEeHCThL0DH+YtQfcA+Cpwn3otrIi+Pf55dICKHoT0Ipl2bs+4B3HClyU/Cr/IMsCk0Mpob9gaFw==",
        "dependencies": {
          "Microsoft.IO.RecyclableMemoryStream": "[2.3.2, 4.0.0)",
          "System.Text.Json": "6.0.9"
        }
      },
      "Microsoft.SourceLink.GitHub": {
        "type": "Direct",
        "requested": "[8.0.0, )",
        "resolved": "8.0.0",
        "contentHash": "G5q7OqtwIyGTkeIOAc3u2ZuV/kicQaec5EaRnc0pIeSnh9LUjj+PYQrJYBURvDt7twGl2PKA7nSN0kz1Zw5bnQ==",
        "dependencies": {
          "Microsoft.Build.Tasks.Git": "8.0.0",
          "Microsoft.SourceLink.Common": "8.0.0"
        }
      },
      "PolySharp": {
        "type": "Direct",
        "requested": "[1.*, )",
        "resolved": "1.14.1",
        "contentHash": "mOOmFYwad3MIOL14VCjj02LljyF1GNw1wP0YVlxtcPvqdxjGGMNdNJJxHptlry3MOd8b40Flm8RPOM8JOlN2sQ=="
      },
      "Supernova.Enum.Generators": {
        "type": "Direct",
        "requested": "[1.0.14, )",
        "resolved": "1.0.14",
        "contentHash": "++5zyUFNF5WUm50ZmokgSmnBIkGNnWnT8byrd7cbab1nczrZOawePke9VSOeO/sU43Q4GHq1NJGGOhhK6Kot+g=="
      },
      "System.Collections.Immutable": {
        "type": "Direct",
        "requested": "[6.*, )",
        "resolved": "6.0.0",
        "contentHash": "l4zZJ1WU2hqpQQHXz1rvC3etVZN+2DLmQMO79FhOTZHMn8tDRr+WU287sbomD0BETlmKDn0ygUgVy9k5xkkJdA==",
        "dependencies": {
          "System.Runtime.CompilerServices.Unsafe": "6.0.0"
        }
      },
      "System.IO.Pipelines": {
        "type": "Direct",
        "requested": "[6.*, )",
        "resolved": "6.0.3",
        "contentHash": "ryTgF+iFkpGZY1vRQhfCzX0xTdlV3pyaTTqRu2ETbEv+HlV7O6y7hyQURnghNIXvctl5DuZ//Dpks6HdL/Txgw=="
      },
      "Microsoft.Build.Tasks.Git": {
        "type": "Transitive",
        "resolved": "8.0.0",
        "contentHash": "bZKfSIKJRXLTuSzLudMFte/8CempWjVamNUR5eHJizsy+iuOuO/k2gnh7W0dHJmYY0tBf+gUErfluCv5mySAOQ=="
      },
      "Microsoft.Extensions.Configuration.Abstractions": {
        "type": "Transitive",
        "resolved": "2.2.0",
        "contentHash": "65MrmXCziWaQFrI0UHkQbesrX5wTwf9XPjY5yFm/VkgJKFJ5gqvXRoXjIZcf2wLi5ZlwGz/oMYfyURVCWbM5iw==",
        "dependencies": {
          "Microsoft.Extensions.Primitives": "2.2.0"
        }
      },
      "Microsoft.Extensions.DependencyInjection.Abstractions": {
        "type": "Transitive",
        "resolved": "2.2.0",
        "contentHash": "f9hstgjVmr6rmrfGSpfsVOl2irKAgr1QjrSi3FgnS7kulxband50f2brRLwySAQTADPZeTdow0mpSMcoAdadCw=="
      },
      "Microsoft.Extensions.FileProviders.Abstractions": {
        "type": "Transitive",
        "resolved": "2.2.0",
        "contentHash": "EcnaSsPTqx2MGnHrmWOD0ugbuuqVT8iICqSqPzi45V5/MA1LjUNb0kwgcxBGqizV1R+WeBK7/Gw25Jzkyk9bIw==",
        "dependencies": {
          "Microsoft.Extensions.Primitives": "2.2.0"
        }
      },
      "Microsoft.Extensions.Hosting.Abstractions": {
        "type": "Transitive",
        "resolved": "2.2.0",
        "contentHash": "+k4AEn68HOJat5gj1TWa6X28WlirNQO9sPIIeQbia+91n03esEtMSSoekSTpMjUzjqtJWQN3McVx0GvSPFHF/Q==",
        "dependencies": {
          "Microsoft.Extensions.Configuration.Abstractions": "2.2.0",
          "Microsoft.Extensions.DependencyInjection.Abstractions": "2.2.0",
          "Microsoft.Extensions.FileProviders.Abstractions": "2.2.0",
          "Microsoft.Extensions.Logging.Abstractions": "2.2.0"
        }
      },
      "Microsoft.Extensions.Logging.Abstractions": {
        "type": "Transitive",
        "resolved": "2.2.0",
        "contentHash": "B2WqEox8o+4KUOpL7rZPyh6qYjik8tHi2tN8Z9jZkHzED8ElYgZa/h6K+xliB435SqUcWT290Fr2aa8BtZjn8A=="
      },
      "Microsoft.Extensions.Primitives": {
        "type": "Transitive",
        "resolved": "2.2.0",
        "contentHash": "azyQtqbm4fSaDzZHD/J+V6oWMFaf2tWP4WEGIYePLCMw3+b2RQdj9ybgbQyjCshcitQKQ4lEDOZjmSlTTrHxUg==",
        "dependencies": {
          "System.Memory": "4.5.1",
          "System.Runtime.CompilerServices.Unsafe": "4.5.1"
        }
      },
      "Microsoft.IO.RecyclableMemoryStream": {
        "type": "Transitive",
        "resolved": "2.3.2",
        "contentHash": "Oh1qXXFdJFcHozvb4H6XYLf2W0meZFuG0A+TfapFPj9z5fd4vxiARGEhAaLj/6XWQaMYIv4SH/9Q6H78Hw0E2Q=="
      },
      "Microsoft.SourceLink.Common": {
        "type": "Transitive",
        "resolved": "8.0.0",
        "contentHash": "dk9JPxTCIevS75HyEQ0E4OVAFhB2N+V9ShCXf8Q6FkUQZDkgLI12y679Nym1YqsiSysuQskT7Z+6nUf3yab6Vw=="
      },
      "System.Memory": {
        "type": "Transitive",
        "resolved": "4.5.1",
        "contentHash": "sDJYJpGtTgx+23Ayu5euxG5mAXWdkDb4+b0rD0Cab0M1oQS9H0HXGPriKcqpXuiJDTV7fTp/d+fMDJmnr6sNvA=="
      },
      "System.Runtime.CompilerServices.Unsafe": {
        "type": "Transitive",
        "resolved": "6.0.0",
        "contentHash": "/iUeP3tq1S0XdNNoMz5C9twLSrM/TH+qElHkXWaPvuNOt+99G75NrV0OS2EqHx5wMN7popYjpc8oTjC1y16DLg=="
      },
      "System.Text.Encodings.Web": {
        "type": "Transitive",
        "resolved": "6.0.0",
        "contentHash": "Vg8eB5Tawm1IFqj4TVK1czJX89rhFxJo9ELqc/Eiq0eXy13RK00eubyU6TJE6y+GQXjyV5gSfiewDUZjQgSE0w==",
        "dependencies": {
          "System.Runtime.CompilerServices.Unsafe": "6.0.0"
        }
      },
      "System.Text.Json": {
        "type": "Transitive",
        "resolved": "6.0.9",
        "contentHash": "2j16oUgtIzl7Xtk7demG0i/v5aU/ZvULcAnJvPb63U3ZhXJ494UYcxuEj5Fs49i3XDrk5kU/8I+6l9zRCw3cJw==",
        "dependencies": {
          "System.Runtime.CompilerServices.Unsafe": "6.0.0",
          "System.Text.Encodings.Web": "6.0.0"
        }
      },
      "imazen.abstractions": {
        "type": "Project",
        "dependencies": {
          "Microsoft.Extensions.Hosting.Abstractions": "[2.*, )",
          "System.Text.Encodings.Web": "[6.*, )"
        }
      },
      "imazen.common": {
        "type": "Project",
        "dependencies": {
          "Imazen.Abstractions": "[0.1.0--notset, )",
          "Microsoft.Extensions.Hosting.Abstractions": "[2.2.0, )"
        }
      }
    },
    "net8.0": {
      "CommunityToolkit.HighPerformance": {
        "type": "Direct",
        "requested": "[8.*, )",
        "resolved": "8.2.2",
        "contentHash": "+zIp8d3sbtYaRbM6hqDs4Ui/z34j7DcUmleruZlYLE4CVxXq+MO8XJyIs42vzeTYFX+k0Iq1dEbBUnQ4z/Gnrw=="
      },
      "Imageflow.Net": {
        "type": "Direct",
        "requested": "[0.12.0, )",
        "resolved": "0.12.0",
        "contentHash": "ZQNfvIIP+0TEeHCThL0DH+YtQfcA+Cpwn3otrIi+Pf55dICKHoT0Ipl2bs+4B3HClyU/Cr/IMsCk0Mpob9gaFw==",
        "dependencies": {
          "Microsoft.IO.RecyclableMemoryStream": "[2.3.2, 4.0.0)",
          "System.Text.Json": "6.0.9"
        }
      },
      "Microsoft.NET.ILLink.Tasks": {
        "type": "Direct",
        "requested": "[8.0.2, )",
        "resolved": "8.0.2",
        "contentHash": "hKTrehpfVzOhAz0mreaTAZgbz0DrMEbWq4n3hAo8Ks6WdxdqQhNPvzOqn9VygKuWf1bmxPdraqzTaXriO/sn0A=="
      },
      "Microsoft.SourceLink.GitHub": {
        "type": "Direct",
        "requested": "[8.0.0, )",
        "resolved": "8.0.0",
        "contentHash": "G5q7OqtwIyGTkeIOAc3u2ZuV/kicQaec5EaRnc0pIeSnh9LUjj+PYQrJYBURvDt7twGl2PKA7nSN0kz1Zw5bnQ==",
        "dependencies": {
          "Microsoft.Build.Tasks.Git": "8.0.0",
          "Microsoft.SourceLink.Common": "8.0.0"
        }
      },
      "PolySharp": {
        "type": "Direct",
        "requested": "[1.*, )",
        "resolved": "1.14.1",
        "contentHash": "mOOmFYwad3MIOL14VCjj02LljyF1GNw1wP0YVlxtcPvqdxjGGMNdNJJxHptlry3MOd8b40Flm8RPOM8JOlN2sQ=="
      },
      "Supernova.Enum.Generators": {
        "type": "Direct",
        "requested": "[1.0.14, )",
        "resolved": "1.0.14",
        "contentHash": "++5zyUFNF5WUm50ZmokgSmnBIkGNnWnT8byrd7cbab1nczrZOawePke9VSOeO/sU43Q4GHq1NJGGOhhK6Kot+g=="
      },
      "System.Collections.Immutable": {
        "type": "Direct",
        "requested": "[6.*, )",
        "resolved": "6.0.0",
        "contentHash": "l4zZJ1WU2hqpQQHXz1rvC3etVZN+2DLmQMO79FhOTZHMn8tDRr+WU287sbomD0BETlmKDn0ygUgVy9k5xkkJdA==",
        "dependencies": {
          "System.Runtime.CompilerServices.Unsafe": "6.0.0"
        }
      },
      "System.IO.Pipelines": {
        "type": "Direct",
        "requested": "[6.*, )",
        "resolved": "6.0.3",
        "contentHash": "ryTgF+iFkpGZY1vRQhfCzX0xTdlV3pyaTTqRu2ETbEv+HlV7O6y7hyQURnghNIXvctl5DuZ//Dpks6HdL/Txgw=="
      },
      "Microsoft.Build.Tasks.Git": {
        "type": "Transitive",
        "resolved": "8.0.0",
        "contentHash": "bZKfSIKJRXLTuSzLudMFte/8CempWjVamNUR5eHJizsy+iuOuO/k2gnh7W0dHJmYY0tBf+gUErfluCv5mySAOQ=="
      },
      "Microsoft.Extensions.Configuration.Abstractions": {
        "type": "Transitive",
        "resolved": "2.2.0",
        "contentHash": "65MrmXCziWaQFrI0UHkQbesrX5wTwf9XPjY5yFm/VkgJKFJ5gqvXRoXjIZcf2wLi5ZlwGz/oMYfyURVCWbM5iw==",
        "dependencies": {
          "Microsoft.Extensions.Primitives": "2.2.0"
        }
      },
      "Microsoft.Extensions.DependencyInjection.Abstractions": {
        "type": "Transitive",
        "resolved": "2.2.0",
        "contentHash": "f9hstgjVmr6rmrfGSpfsVOl2irKAgr1QjrSi3FgnS7kulxband50f2brRLwySAQTADPZeTdow0mpSMcoAdadCw=="
      },
      "Microsoft.Extensions.FileProviders.Abstractions": {
        "type": "Transitive",
        "resolved": "2.2.0",
        "contentHash": "EcnaSsPTqx2MGnHrmWOD0ugbuuqVT8iICqSqPzi45V5/MA1LjUNb0kwgcxBGqizV1R+WeBK7/Gw25Jzkyk9bIw==",
        "dependencies": {
          "Microsoft.Extensions.Primitives": "2.2.0"
        }
      },
      "Microsoft.Extensions.Hosting.Abstractions": {
        "type": "Transitive",
        "resolved": "2.2.0",
        "contentHash": "+k4AEn68HOJat5gj1TWa6X28WlirNQO9sPIIeQbia+91n03esEtMSSoekSTpMjUzjqtJWQN3McVx0GvSPFHF/Q==",
        "dependencies": {
          "Microsoft.Extensions.Configuration.Abstractions": "2.2.0",
          "Microsoft.Extensions.DependencyInjection.Abstractions": "2.2.0",
          "Microsoft.Extensions.FileProviders.Abstractions": "2.2.0",
          "Microsoft.Extensions.Logging.Abstractions": "2.2.0"
        }
      },
      "Microsoft.Extensions.Logging.Abstractions": {
        "type": "Transitive",
        "resolved": "2.2.0",
        "contentHash": "B2WqEox8o+4KUOpL7rZPyh6qYjik8tHi2tN8Z9jZkHzED8ElYgZa/h6K+xliB435SqUcWT290Fr2aa8BtZjn8A=="
      },
      "Microsoft.Extensions.Primitives": {
        "type": "Transitive",
        "resolved": "2.2.0",
        "contentHash": "azyQtqbm4fSaDzZHD/J+V6oWMFaf2tWP4WEGIYePLCMw3+b2RQdj9ybgbQyjCshcitQKQ4lEDOZjmSlTTrHxUg==",
        "dependencies": {
          "System.Memory": "4.5.1",
          "System.Runtime.CompilerServices.Unsafe": "4.5.1"
        }
      },
      "Microsoft.IO.RecyclableMemoryStream": {
        "type": "Transitive",
        "resolved": "2.3.2",
        "contentHash": "Oh1qXXFdJFcHozvb4H6XYLf2W0meZFuG0A+TfapFPj9z5fd4vxiARGEhAaLj/6XWQaMYIv4SH/9Q6H78Hw0E2Q=="
      },
      "Microsoft.SourceLink.Common": {
        "type": "Transitive",
        "resolved": "8.0.0",
        "contentHash": "dk9JPxTCIevS75HyEQ0E4OVAFhB2N+V9ShCXf8Q6FkUQZDkgLI12y679Nym1YqsiSysuQskT7Z+6nUf3yab6Vw=="
      },
      "System.Memory": {
        "type": "Transitive",
        "resolved": "4.5.1",
        "contentHash": "sDJYJpGtTgx+23Ayu5euxG5mAXWdkDb4+b0rD0Cab0M1oQS9H0HXGPriKcqpXuiJDTV7fTp/d+fMDJmnr6sNvA=="
      },
      "System.Runtime.CompilerServices.Unsafe": {
        "type": "Transitive",
        "resolved": "6.0.0",
        "contentHash": "/iUeP3tq1S0XdNNoMz5C9twLSrM/TH+qElHkXWaPvuNOt+99G75NrV0OS2EqHx5wMN7popYjpc8oTjC1y16DLg=="
      },
      "System.Text.Encodings.Web": {
        "type": "Transitive",
        "resolved": "6.0.0",
        "contentHash": "Vg8eB5Tawm1IFqj4TVK1czJX89rhFxJo9ELqc/Eiq0eXy13RK00eubyU6TJE6y+GQXjyV5gSfiewDUZjQgSE0w==",
        "dependencies": {
          "System.Runtime.CompilerServices.Unsafe": "6.0.0"
        }
      },
      "System.Text.Json": {
        "type": "Transitive",
        "resolved": "6.0.9",
        "contentHash": "2j16oUgtIzl7Xtk7demG0i/v5aU/ZvULcAnJvPb63U3ZhXJ494UYcxuEj5Fs49i3XDrk5kU/8I+6l9zRCw3cJw==",
        "dependencies": {
          "System.Runtime.CompilerServices.Unsafe": "6.0.0",
          "System.Text.Encodings.Web": "6.0.0"
        }
      },
      "imazen.abstractions": {
        "type": "Project",
        "dependencies": {
          "Microsoft.Extensions.Hosting.Abstractions": "[2.*, )",
          "System.Text.Encodings.Web": "[6.*, )"
        }
      },
      "imazen.common": {
        "type": "Project",
        "dependencies": {
          "Imazen.Abstractions": "[0.1.0--notset, )",
          "Microsoft.Extensions.Hosting.Abstractions": "[2.2.0, )"
        }
      }
    }
  }
}